platform=mac
host=MacBook-Air-von-Markus
user=
uuid=08FC2F73-6D39-4C86-A17D-4164F2200EF8
app=Scrivener
project_path=/Users/markus/Documents/GitHub/schattengrenze/dortmund-thiller.scriv
app_path=/private/var/folders/zz/9gb528d5569_0sj9z3wstjkh0000gn/T/AppTranslocation/EECFFC30-4A14-422D-91B7-EF2E8EAE0276/d/Scrivener.app